{
  "version": 1,
  "dependencies": {
    "net10.0": {
      "Serilog": {
        "type": "Direct",
        "requested": "[4.*, )",
        "resolved": "4.3.1",
        "contentHash": "savYe7h5yRlkqBVOwP8cIRDOdqKiPmYCU4W87JH38sBmcKD5EBoXvQIw6bNEvZ/pTe1gsiye3VFCzBsoppGkXQ=="
      },
      "Serilog.Sinks.Console": {
        "type": "Direct",
        "requested": "[6.*, )",
        "resolved": "6.1.1",
        "contentHash": "8jbqgjUyZlfCuSTaJk6lOca465OndqOz3KZP6Cryt/IqZYybyBu7GP0fE/AXBzrrQB3EBmQntBFAvMVz1COvAA==",
        "dependencies": {
          "Serilog": "4.0.0"
        }
      },
      "Serilog.Sinks.File": {
        "type": "Direct",
        "requested": "[6.*, )",
        "resolved": "6.0.0",
        "contentHash": "lxjg89Y8gJMmFxVkbZ+qDgjl+T4yC5F7WSLTvA+5q0R04tfKVLRL/EHpYoJ/MEQd2EeCKDuylBIVnAYMotmh2A==",
        "dependencies": {
          "Serilog": "4.0.0"
        }
      },
      "System.CommandLine": {
        "type": "Direct",
        "requested": "[2.*, )",
        "resolved": "2.0.5",
        "contentHash": "2XtWAPk1G6arpe3OCFNrYYuf6iIboznxs2elJSGgd8e0euou7LfGYFon6hBEfDWNtOLr0M3+oUVgy1a5EGa41A=="
      },
      "dustbowlgames.discordconduit.core": {
        "type": "Project",
        "dependencies": {
          "Serilog": "[4.*, )",
          "Serilog.Sinks.File": "[6.*, )"
        }
      }
    }
  }
}